// !$*UTF8*$!
{
	archiveVersion = 1;
	classes = {
	};
	objectVersion = 56;
	objects = {

/* Begin PBXBuildFile section */
		392CA5002B9A1DD600845313 /* HomeView.swift in Sources */ = {isa = PBXBuildFile; fileRef = 392CA4FF2B9A1DD600845313 /* HomeView.swift */; };
		392CA5022B9A1E4700845313 /* TrintySelectionView.swift in Sources */ = {isa = PBXBuildFile; fileRef = 392CA5012B9A1E4700845313 /* TrintySelectionView.swift */; };
		392CA5042B9A1F2B00845313 /* TrintySelctionModel.swift in Sources */ = {isa = PBXBuildFile; fileRef = 392CA5032B9A1F2B00845313 /* TrintySelctionModel.swift */; };
		392CA5062B9A269E00845313 /* CardView.swift in Sources */ = {isa = PBXBuildFile; fileRef = 392CA5052B9A269E00845313 /* CardView.swift */; };
		392CA5082B9A29B700845313 /* DeliveryView.swift in Sources */ = {isa = PBXBuildFile; fileRef = 392CA5072B9A29B700845313 /* DeliveryView.swift */; };
		392CA50A2B9A2F5C00845313 /* BottomView.swift in Sources */ = {isa = PBXBuildFile; fileRef = 392CA5092B9A2F5C00845313 /* BottomView.swift */; };
		392CA50E2B9A3F0000845313 /* FilterView.swift in Sources */ = {isa = PBXBuildFile; fileRef = 392CA50D2B9A3F0000845313 /* FilterView.swift */; };
		392CA5102B9A432600845313 /* HistoryView.swift in Sources */ = {isa = PBXBuildFile; fileRef = 392CA50F2B9A432600845313 /* HistoryView.swift */; };
		392CA5122B9A4CAF00845313 /* CheckoutView.swift in Sources */ = {isa = PBXBuildFile; fileRef = 392CA5112B9A4CAF00845313 /* CheckoutView.swift */; };
		BC26A3E32B9A275300AE3A67 /* ItemModel.swift in Sources */ = {isa = PBXBuildFile; fileRef = BC26A3E22B9A275300AE3A67 /* ItemModel.swift */; };
		BC26A3E52B9A34E300AE3A67 /* SearchBar.swift in Sources */ = {isa = PBXBuildFile; fileRef = BC26A3E42B9A34E300AE3A67 /* SearchBar.swift */; };
		BC26A3E72B9A37BA00AE3A67 /* ItemDetailView.swift in Sources */ = {isa = PBXBuildFile; fileRef = BC26A3E62B9A37BA00AE3A67 /* ItemDetailView.swift */; };
		BC26A3E92B9A450900AE3A67 /* BraceletsCategoryView.swift in Sources */ = {isa = PBXBuildFile; fileRef = BC26A3E82B9A450900AE3A67 /* BraceletsCategoryView.swift */; };
		BC26A3EB2B9A4F4600AE3A67 /* ShoppingBagView.swift in Sources */ = {isa = PBXBuildFile; fileRef = BC26A3EA2B9A4F4600AE3A67 /* ShoppingBagView.swift */; };
		BC4C877E2B9A1B020035099B /* DDI_ProjectApp.swift in Sources */ = {isa = PBXBuildFile; fileRef = BC4C877D2B9A1B020035099B /* DDI_ProjectApp.swift */; };
		BC4C87802B9A1B020035099B /* ContentView.swift in Sources */ = {isa = PBXBuildFile; fileRef = BC4C877F2B9A1B020035099B /* ContentView.swift */; };
		BC4C87822B9A1B030035099B /* Assets.xcassets in Resources */ = {isa = PBXBuildFile; fileRef = BC4C87812B9A1B030035099B /* Assets.xcassets */; };
		BC4C87852B9A1B030035099B /* Preview Assets.xcassets in Resources */ = {isa = PBXBuildFile; fileRef = BC4C87842B9A1B030035099B /* Preview Assets.xcassets */; };
		BC4C879A2B9A1DAB0035099B /* CategoryView.swift in Sources */ = {isa = PBXBuildFile; fileRef = BC4C87992B9A1DAB0035099B /* CategoryView.swift */; };
		BCC4DF602B9A209600E3E672 /* CategoryModel.swift in Sources */ = {isa = PBXBuildFile; fileRef = BCC4DF5F2B9A209600E3E672 /* CategoryModel.swift */; };
/* End PBXBuildFile section */

/* Begin PBXFileReference section */
		392CA4FF2B9A1DD600845313 /* HomeView.swift */ = {isa = PBXFileReference; lastKnownFileType = sourcecode.swift; path = HomeView.swift; sourceTree = "<group>"; };
		392CA5012B9A1E4700845313 /* TrintySelectionView.swift */ = {isa = PBXFileReference; lastKnownFileType = sourcecode.swift; path = TrintySelectionView.swift; sourceTree = "<group>"; };
		392CA5032B9A1F2B00845313 /* TrintySelctionModel.swift */ = {isa = PBXFileReference; lastKnownFileType = sourcecode.swift; path = TrintySelctionModel.swift; sourceTree = "<group>"; };
		392CA5052B9A269E00845313 /* CardView.swift */ = {isa = PBXFileReference; lastKnownFileType = sourcecode.swift; path = CardView.swift; sourceTree = "<group>"; };
		392CA5072B9A29B700845313 /* DeliveryView.swift */ = {isa = PBXFileReference; lastKnownFileType = sourcecode.swift; path = DeliveryView.swift; sourceTree = "<group>"; };
		392CA5092B9A2F5C00845313 /* BottomView.swift */ = {isa = PBXFileReference; lastKnownFileType = sourcecode.swift; path = BottomView.swift; sourceTree = "<group>"; };
		392CA50D2B9A3F0000845313 /* FilterView.swift */ = {isa = PBXFileReference; lastKnownFileType = sourcecode.swift; path = FilterView.swift; sourceTree = "<group>"; };
		392CA50F2B9A432600845313 /* HistoryView.swift */ = {isa = PBXFileReference; lastKnownFileType = sourcecode.swift; path = HistoryView.swift; sourceTree = "<group>"; };
		392CA5112B9A4CAF00845313 /* CheckoutView.swift */ = {isa = PBXFileReference; lastKnownFileType = sourcecode.swift; path = CheckoutView.swift; sourceTree = "<group>"; };
		BC26A3E22B9A275300AE3A67 /* ItemModel.swift */ = {isa = PBXFileReference; lastKnownFileType = sourcecode.swift; path = ItemModel.swift; sourceTree = "<group>"; };
		BC26A3E42B9A34E300AE3A67 /* SearchBar.swift */ = {isa = PBXFileReference; lastKnownFileType = sourcecode.swift; path = SearchBar.swift; sourceTree = "<group>"; };
		BC26A3E62B9A37BA00AE3A67 /* ItemDetailView.swift */ = {isa = PBXFileReference; lastKnownFileType = sourcecode.swift; path = ItemDetailView.swift; sourceTree = "<group>"; };
		BC26A3E82B9A450900AE3A67 /* BraceletsCategoryView.swift */ = {isa = PBXFileReference; lastKnownFileType = sourcecode.swift; path = BraceletsCategoryView.swift; sourceTree = "<group>"; };
		BC26A3EA2B9A4F4600AE3A67 /* ShoppingBagView.swift */ = {isa = PBXFileReference; lastKnownFileType = sourcecode.swift; path = ShoppingBagView.swift; sourceTree = "<group>"; };
		BC4C877A2B9A1B020035099B /* DDI_Project.app */ = {isa = PBXFileReference; explicitFileType = wrapper.application; includeInIndex = 0; path = DDI_Project.app; sourceTree = BUILT_PRODUCTS_DIR; };
		BC4C877D2B9A1B020035099B /* DDI_ProjectApp.swift */ = {isa = PBXFileReference; lastKnownFileType = sourcecode.swift; path = DDI_ProjectApp.swift; sourceTree = "<group>"; };
		BC4C877F2B9A1B020035099B /* ContentView.swift */ = {isa = PBXFileReference; lastKnownFileType = sourcecode.swift; path = ContentView.swift; sourceTree = "<group>"; };
		BC4C87812B9A1B030035099B /* Assets.xcassets */ = {isa = PBXFileReference; lastKnownFileType = folder.assetcatalog; path = Assets.xcassets; sourceTree = "<group>"; };
		BC4C87842B9A1B030035099B /* Preview Assets.xcassets */ = {isa = PBXFileReference; lastKnownFileType = folder.assetcatalog; path = "Preview Assets.xcassets"; sourceTree = "<group>"; };
		BC4C87992B9A1DAB0035099B /* CategoryView.swift */ = {isa = PBXFileReference; lastKnownFileType = sourcecode.swift; path = CategoryView.swift; sourceTree = "<group>"; };
		BCC4DF5F2B9A209600E3E672 /* CategoryModel.swift */ = {isa = PBXFileReference; lastKnownFileType = sourcecode.swift; path = CategoryModel.swift; sourceTree = "<group>"; };
/* End PBXFileReference section */

/* Begin PBXFrameworksBuildPhase section */
		BC4C87772B9A1B020035099B /* Frameworks */ = {
			isa = PBXFrameworksBuildPhase;
			buildActionMask = 2147483647;
			files = (
			);
			runOnlyForDeploymentPostprocessing = 0;
		};
/* End PBXFrameworksBuildPhase section */

/* Begin PBXGroup section */
		BC4C87712B9A1B020035099B = {
			isa = PBXGroup;
			children = (
				BC4C877C2B9A1B020035099B /* DDI_Project */,
				BC4C877B2B9A1B020035099B /* Products */,
			);
			sourceTree = "<group>";
		};
		BC4C877B2B9A1B020035099B /* Products */ = {
			isa = PBXGroup;
			children = (
				BC4C877A2B9A1B020035099B /* DDI_Project.app */,
			);
			name = Products;
			sourceTree = "<group>";
		};
		BC4C877C2B9A1B020035099B /* DDI_Project */ = {
			isa = PBXGroup;
			children = (
				BC4C877D2B9A1B020035099B /* DDI_ProjectApp.swift */,
				BC4C877F2B9A1B020035099B /* ContentView.swift */,
				392CA4FF2B9A1DD600845313 /* HomeView.swift */,
				BC4C87992B9A1DAB0035099B /* CategoryView.swift */,
				BC26A3E82B9A450900AE3A67 /* BraceletsCategoryView.swift */,
				392CA50D2B9A3F0000845313 /* FilterView.swift */,
				392CA5052B9A269E00845313 /* CardView.swift */,
				392CA5032B9A1F2B00845313 /* TrintySelctionModel.swift */,
				392CA5012B9A1E4700845313 /* TrintySelectionView.swift */,
				392CA5112B9A4CAF00845313 /* CheckoutView.swift */,
				BC4C87812B9A1B030035099B /* Assets.xcassets */,
				BC4C87832B9A1B030035099B /* Preview Content */,
				BC26A3EA2B9A4F4600AE3A67 /* ShoppingBagView.swift */,
				BC26A3E62B9A37BA00AE3A67 /* ItemDetailView.swift */,
				BC26A3E42B9A34E300AE3A67 /* SearchBar.swift */,
				BC26A3E22B9A275300AE3A67 /* ItemModel.swift */,
				BCC4DF5F2B9A209600E3E672 /* CategoryModel.swift */,
				392CA5072B9A29B700845313 /* DeliveryView.swift */,
				392CA5092B9A2F5C00845313 /* BottomView.swift */,
				392CA50F2B9A432600845313 /* HistoryView.swift */,
			);
			path = DDI_Project;
			sourceTree = "<group>";
		};
		BC4C87832B9A1B030035099B /* Preview Content */ = {
			isa = PBXGroup;
			children = (
				BC4C87842B9A1B030035099B /* Preview Assets.xcassets */,
			);
			path = "Preview Content";
			sourceTree = "<group>";
		};
/* End PBXGroup section */

/* Begin PBXNativeTarget section */
		BC4C87792B9A1B020035099B /* DDI_Project */ = {
			isa = PBXNativeTarget;
			buildConfigurationList = BC4C87882B9A1B030035099B /* Build configuration list for PBXNativeTarget "DDI_Project" */;
			buildPhases = (
				BC4C87762B9A1B020035099B /* Sources */,
				BC4C87772B9A1B020035099B /* Frameworks */,
				BC4C87782B9A1B020035099B /* Resources */,
			);
			buildRules = (
			);
			dependencies = (
			);
			name = DDI_Project;
			productName = DDI_Project;
			productReference = BC4C877A2B9A1B020035099B /* DDI_Project.app */;
			productType = "com.apple.product-type.application";
		};
/* End PBXNativeTarget section */

/* Begin PBXProject section */
		BC4C87722B9A1B020035099B /* Project object */ = {
			isa = PBXProject;
			attributes = {
				BuildIndependentTargetsInParallel = 1;
				LastSwiftUpdateCheck = 1520;
				LastUpgradeCheck = 1520;
				TargetAttributes = {
					BC4C87792B9A1B020035099B = {
						CreatedOnToolsVersion = 15.2;
					};
				};
			};
			buildConfigurationList = BC4C87752B9A1B020035099B /* Build configuration list for PBXProject "DDI_Project" */;
			compatibilityVersion = "Xcode 14.0";
			developmentRegion = en;
			hasScannedForEncodings = 0;
			knownRegions = (
				en,
				Base,
			);
			mainGroup = BC4C87712B9A1B020035099B;
			productRefGroup = BC4C877B2B9A1B020035099B /* Products */;
			projectDirPath = "";
			projectRoot = "";
			targets = (
				BC4C87792B9A1B020035099B /* DDI_Project */,
			);
		};
/* End PBXProject section */

/* Begin PBXResourcesBuildPhase section */
		BC4C87782B9A1B020035099B /* Resources */ = {
			isa = PBXResourcesBuildPhase;
			buildActionMask = 2147483647;
			files = (
				BC4C87852B9A1B030035099B /* Preview Assets.xcassets in Resources */,
				BC4C87822B9A1B030035099B /* Assets.xcassets in Resources */,
			);
			runOnlyForDeploymentPostprocessing = 0;
		};
/* End PBXResourcesBuildPhase section */

/* Begin PBXSourcesBuildPhase section */
		BC4C87762B9A1B020035099B /* Sources */ = {
			isa = PBXSourcesBuildPhase;
			buildActionMask = 2147483647;
			files = (
				BC26A3E32B9A275300AE3A67 /* ItemModel.swift in Sources */,
				392CA5002B9A1DD600845313 /* HomeView.swift in Sources */,
				392CA5122B9A4CAF00845313 /* CheckoutView.swift in Sources */,
				392CA5082B9A29B700845313 /* DeliveryView.swift in Sources */,
				392CA5042B9A1F2B00845313 /* TrintySelctionModel.swift in Sources */,
				392CA50A2B9A2F5C00845313 /* BottomView.swift in Sources */,
				392CA50E2B9A3F0000845313 /* FilterView.swift in Sources */,
				BC4C87802B9A1B020035099B /* ContentView.swift in Sources */,
				BC26A3EB2B9A4F4600AE3A67 /* ShoppingBagView.swift in Sources */,
				BC26A3E72B9A37BA00AE3A67 /* ItemDetailView.swift in Sources */,
				BCC4DF602B9A209600E3E672 /* CategoryModel.swift in Sources */,
				BC26A3E92B9A450900AE3A67 /* BraceletsCategoryView.swift in Sources */,
				BC4C877E2B9A1B020035099B /* DDI_ProjectApp.swift in Sources */,
				BC4C879A2B9A1DAB0035099B /* CategoryView.swift in Sources */,
				BC26A3E52B9A34E300AE3A67 /* SearchBar.swift in Sources */,
				392CA5102B9A432600845313 /* HistoryView.swift in Sources */,
				392CA5062B9A269E00845313 /* CardView.swift in Sources */,
				392CA5022B9A1E4700845313 /* TrintySelectionView.swift in Sources */,
			);
			runOnlyForDeploymentPostprocessing = 0;
		};
/* End PBXSourcesBuildPhase section */

/* Begin XCBuildConfiguration section */
		BC4C87862B9A1B030035099B /* Debug */ = {
			isa = XCBuildConfiguration;
			buildSettings = {
				ALWAYS_SEARCH_USER_PATHS = NO;
				ASSETCATALOG_COMPILER_GENERATE_SWIFT_ASSET_SYMBOL_EXTENSIONS = YES;
				CLANG_ANALYZER_NONNULL = YES;
				CLANG_ANALYZER_NUMBER_OBJECT_CONVERSION = YES_AGGRESSIVE;
				CLANG_CXX_LANGUAGE_STANDARD = "gnu++20";
				CLANG_ENABLE_MODULES = YES;
				CLANG_ENABLE_OBJC_ARC = YES;
				CLANG_ENABLE_OBJC_WEAK = YES;
				CLANG_WARN_BLOCK_CAPTURE_AUTORELEASING = YES;
				CLANG_WARN_BOOL_CONVERSION = YES;
				CLANG_WARN_COMMA = YES;
				CLANG_WARN_CONSTANT_CONVERSION = YES;
				CLANG_WARN_DEPRECATED_OBJC_IMPLEMENTATIONS = YES;
				CLANG_WARN_DIRECT_OBJC_ISA_USAGE = YES_ERROR;
				CLANG_WARN_DOCUMENTATION_COMMENTS = YES;
				CLANG_WARN_EMPTY_BODY = YES;
				CLANG_WARN_ENUM_CONVERSION = YES;
				CLANG_WARN_INFINITE_RECURSION = YES;
				CLANG_WARN_INT_CONVERSION = YES;
				CLANG_WARN_NON_LITERAL_NULL_CONVERSION = YES;
				CLANG_WARN_OBJC_IMPLICIT_RETAIN_SELF = YES;
				CLANG_WARN_OBJC_LITERAL_CONVERSION = YES;
				CLANG_WARN_OBJC_ROOT_CLASS = YES_ERROR;
				CLANG_WARN_QUOTED_INCLUDE_IN_FRAMEWORK_HEADER = YES;
				CLANG_WARN_RANGE_LOOP_ANALYSIS = YES;
				CLANG_WARN_STRICT_PROTOTYPES = YES;
				CLANG_WARN_SUSPICIOUS_MOVE = YES;
				CLANG_WARN_UNGUARDED_AVAILABILITY = YES_AGGRESSIVE;
				CLANG_WARN_UNREACHABLE_CODE = YES;
				CLANG_WARN__DUPLICATE_METHOD_MATCH = YES;
				COPY_PHASE_STRIP = NO;
				DEBUG_INFORMATION_FORMAT = dwarf;
				ENABLE_STRICT_OBJC_MSGSEND = YES;
				ENABLE_TESTABILITY = YES;
				ENABLE_USER_SCRIPT_SANDBOXING = YES;
				GCC_C_LANGUAGE_STANDARD = gnu17;
				GCC_DYNAMIC_NO_PIC = NO;
				GCC_NO_COMMON_BLOCKS = YES;
				GCC_OPTIMIZATION_LEVEL = 0;
				GCC_PREPROCESSOR_DEFINITIONS = (
					"DEBUG=1",
					"$(inherited)",
				);
				GCC_WARN_64_TO_32_BIT_CONVERSION = YES;
				GCC_WARN_ABOUT_RETURN_TYPE = YES_ERROR;
				GCC_WARN_UNDECLARED_SELECTOR = YES;
				GCC_WARN_UNINITIALIZED_AUTOS = YES_AGGRESSIVE;
				GCC_WARN_UNUSED_FUNCTION = YES;
				GCC_WARN_UNUSED_VARIABLE = YES;
				IPHONEOS_DEPLOYMENT_TARGET = 17.2;
				LOCALIZATION_PREFERS_STRING_CATALOGS = YES;
				MTL_ENABLE_DEBUG_INFO = INCLUDE_SOURCE;
				MTL_FAST_MATH = YES;
				ONLY_ACTIVE_ARCH = YES;
				SDKROOT = iphoneos;
				SWIFT_ACTIVE_COMPILATION_CONDITIONS = "DEBUG $(inherited)";
				SWIFT_OPTIMIZATION_LEVEL = "-Onone";
			};
			name = Debug;
		};
		BC4C87872B9A1B030035099B /* Release */ = {
			isa = XCBuildConfiguration;
			buildSettings = {
				ALWAYS_SEARCH_USER_PATHS = NO;
				ASSETCATALOG_COMPILER_GENERATE_SWIFT_ASSET_SYMBOL_EXTENSIONS = YES;
				CLANG_ANALYZER_NONNULL = YES;
				CLANG_ANALYZER_NUMBER_OBJECT_CONVERSION = YES_AGGRESSIVE;
				CLANG_CXX_LANGUAGE_STANDARD = "gnu++20";
				CLANG_ENABLE_MODULES = YES;
				CLANG_ENABLE_OBJC_ARC = YES;
				CLANG_ENABLE_OBJC_WEAK = YES;
				CLANG_WARN_BLOCK_CAPTURE_AUTORELEASING = YES;
				CLANG_WARN_BOOL_CONVERSION = YES;
				CLANG_WARN_COMMA = YES;
				CLANG_WARN_CONSTANT_CONVERSION = YES;
				CLANG_WARN_DEPRECATED_OBJC_IMPLEMENTATIONS = YES;
				CLANG_WARN_DIRECT_OBJC_ISA_USAGE = YES_ERROR;
				CLANG_WARN_DOCUMENTATION_COMMENTS = YES;
				CLANG_WARN_EMPTY_BODY = YES;
				CLANG_WARN_ENUM_CONVERSION = YES;
				CLANG_WARN_INFINITE_RECURSION = YES;
				CLANG_WARN_INT_CONVERSION = YES;
				CLANG_WARN_NON_LITERAL_NULL_CONVERSION = YES;
				CLANG_WARN_OBJC_IMPLICIT_RETAIN_SELF = YES;
				CLANG_WARN_OBJC_LITERAL_CONVERSION = YES;
				CLANG_WARN_OBJC_ROOT_CLASS = YES_ERROR;
				CLANG_WARN_QUOTED_INCLUDE_IN_FRAMEWORK_HEADER = YES;
				CLANG_WARN_RANGE_LOOP_ANALYSIS = YES;
				CLANG_WARN_STRICT_PROTOTYPES = YES;
				CLANG_WARN_SUSPICIOUS_MOVE = YES;
				CLANG_WARN_UNGUARDED_AVAILABILITY = YES_AGGRESSIVE;
				CLANG_WARN_UNREACHABLE_CODE = YES;
				CLANG_WARN__DUPLICATE_METHOD_MATCH = YES;
				COPY_PHASE_STRIP = NO;
				DEBUG_INFORMATION_FORMAT = "dwarf-with-dsym";
				ENABLE_NS_ASSERTIONS = NO;
				ENABLE_STRICT_OBJC_MSGSEND = YES;
				ENABLE_USER_SCRIPT_SANDBOXING = YES;
				GCC_C_LANGUAGE_STANDARD = gnu17;
				GCC_NO_COMMON_BLOCKS = YES;
				GCC_WARN_64_TO_32_BIT_CONVERSION = YES;
				GCC_WARN_ABOUT_RETURN_TYPE = YES_ERROR;
				GCC_WARN_UNDECLARED_SELECTOR = YES;
				GCC_WARN_UNINITIALIZED_AUTOS = YES_AGGRESSIVE;
				GCC_WARN_UNUSED_FUNCTION = YES;
				GCC_WARN_UNUSED_VARIABLE = YES;
				IPHONEOS_DEPLOYMENT_TARGET = 17.2;
				LOCALIZATION_PREFERS_STRING_CATALOGS = YES;
				MTL_ENABLE_DEBUG_INFO = NO;
				MTL_FAST_MATH = YES;
				SDKROOT = iphoneos;
				SWIFT_COMPILATION_MODE = wholemodule;
				VALIDATE_PRODUCT = YES;
			};
			name = Release;
		};
		BC4C87892B9A1B030035099B /* Debug */ = {
			isa = XCBuildConfiguration;
			buildSettings = {
				ASSETCATALOG_COMPILER_APPICON_NAME = AppIcon;
				ASSETCATALOG_COMPILER_GLOBAL_ACCENT_COLOR_NAME = AccentColor;
				CODE_SIGN_STYLE = Automatic;
				CURRENT_PROJECT_VERSION = 1;
				DEVELOPMENT_ASSET_PATHS = "\"DDI_Project/Preview Content\"";
				DEVELOPMENT_TEAM = A89P8LLWX2;
				ENABLE_PREVIEWS = YES;
				GENERATE_INFOPLIST_FILE = YES;
				INFOPLIST_KEY_UIApplicationSceneManifest_Generation = YES;
				INFOPLIST_KEY_UIApplicationSupportsIndirectInputEvents = YES;
				INFOPLIST_KEY_UILaunchScreen_Generation = YES;
				INFOPLIST_KEY_UISupportedInterfaceOrientations_iPad = "UIInterfaceOrientationPortrait UIInterfaceOrientationPortraitUpsideDown UIInterfaceOrientationLandscapeLeft UIInterfaceOrientationLandscapeRight";
				INFOPLIST_KEY_UISupportedInterfaceOrientations_iPhone = "UIInterfaceOrientationPortrait UIInterfaceOrientationLandscapeLeft UIInterfaceOrientationLandscapeRight";
				LD_RUNPATH_SEARCH_PATHS = (
					"$(inherited)",
					"@executable_path/Frameworks",
				);
				MARKETING_VERSION = 1.0;
				PRODUCT_BUNDLE_IDENTIFIER = "com.austinxu.DDI-Project";
				PRODUCT_NAME = "$(TARGET_NAME)";
				SWIFT_EMIT_LOC_STRINGS = YES;
				SWIFT_VERSION = 5.0;
				TARGETED_DEVICE_FAMILY = "1,2";
			};
			name = Debug;
		};
		BC4C878A2B9A1B030035099B /* Release */ = {
			isa = XCBuildConfiguration;
			buildSettings = {
				ASSETCATALOG_COMPILER_APPICON_NAME = AppIcon;
				ASSETCATALOG_COMPILER_GLOBAL_ACCENT_COLOR_NAME = AccentColor;
				CODE_SIGN_STYLE = Automatic;
				CURRENT_PROJECT_VERSION = 1;
				DEVELOPMENT_ASSET_PATHS = "\"DDI_Project/Preview Content\"";
				DEVELOPMENT_TEAM = A89P8LLWX2;
				ENABLE_PREVIEWS = YES;
				GENERATE_INFOPLIST_FILE = YES;
				INFOPLIST_KEY_UIApplicationSceneManifest_Generation = YES;
				INFOPLIST_KEY_UIApplicationSupportsIndirectInputEvents = YES;
				INFOPLIST_KEY_UILaunchScreen_Generation = YES;
				INFOPLIST_KEY_UISupportedInterfaceOrientations_iPad = "UIInterfaceOrientationPortrait UIInterfaceOrientationPortraitUpsideDown UIInterfaceOrientationLandscapeLeft UIInterfaceOrientationLandscapeRight";
				INFOPLIST_KEY_UISupportedInterfaceOrientations_iPhone = "UIInterfaceOrientationPortrait UIInterfaceOrientationLandscapeLeft UIInterfaceOrientationLandscapeRight";
				LD_RUNPATH_SEARCH_PATHS = (
					"$(inherited)",
					"@executable_path/Frameworks",
				);
				MARKETING_VERSION = 1.0;
				PRODUCT_BUNDLE_IDENTIFIER = "com.austinxu.DDI-Project";
				PRODUCT_NAME = "$(TARGET_NAME)";
				SWIFT_EMIT_LOC_STRINGS = YES;
				SWIFT_VERSION = 5.0;
				TARGETED_DEVICE_FAMILY = "1,2";
			};
			name = Release;
		};
/* End XCBuildConfiguration section */

/* Begin XCConfigurationList section */
		BC4C87752B9A1B020035099B /* Build configuration list for PBXProject "DDI_Project" */ = {
			isa = XCConfigurationList;
			buildConfigurations = (
				BC4C87862B9A1B030035099B /* Debug */,
				BC4C87872B9A1B030035099B /* Release */,
			);
			defaultConfigurationIsVisible = 0;
			defaultConfigurationName = Release;
		};
		BC4C87882B9A1B030035099B /* Build configuration list for PBXNativeTarget "DDI_Project" */ = {
			isa = XCConfigurationList;
			buildConfigurations = (
				BC4C87892B9A1B030035099B /* Debug */,
				BC4C878A2B9A1B030035099B /* Release */,
			);
			defaultConfigurationIsVisible = 0;
			defaultConfigurationName = Release;
		};
/* End XCConfigurationList section */
	};
	rootObject = BC4C87722B9A1B020035099B /* Project object */;
}
